
Microsoft Visual Studio Solution File, Format Version 12.00
# Visual Studio 15
VisualStudioVersion = 15.0.27004.2005
MinimumVisualStudioVersion = 10.0.40219.1
Project("{FAE04EC0-301F-11D3-BF4B-00C04F79EFBC}") = "WPFDrag", "WPFDrag\WPFDrag.csproj", "{581D6819-655A-445D-89C5-205D1E118F03}"
EndProject
Global
	GlobalSection(SolutionConfigurationPlatforms) = preSolution
		Debug|Any CPU = Debug|Any CPU
		Release|Any CPU = Release|Any CPU
	EndGlobalSection
	GlobalSection(ProjectConfigurationPlatforms) = postSolution
		{581D6819-655A-445D-89C5-205D1E118F03}.Debug|Any CPU.ActiveCfg = Debug|Any CPU
		{581D6819-655A-445D-89C5-205D1E118F03}.Debug|Any CPU.Build.0 = Debug|Any CPU
		{581D6819-655A-445D-89C5-205D1E118F03}.Release|Any CPU.ActiveCfg = Release|Any CPU
		{581D6819-655A-445D-89C5-205D1E118F03}.Release|Any CPU.Build.0 = Release|Any CPU
	EndGlobalSection
	GlobalSection(SolutionProperties) = preSolution
		HideSolutionNode = FALSE
	EndGlobalSection
	GlobalSection(ExtensibilityGlobals) = postSolution
		SolutionGuid = {576559C1-DA22-4AD7-801D-7A17143C6CD5}
	EndGlobalSection
EndGlobal
